
Microsoft Visual Studio Solution File, Format Version 12.00
# Visual Studio Version 16
VisualStudioVersion = 16.0.29905.134
MinimumVisualStudioVersion = 10.0.40219.1
Project("{FAE04EC0-301F-11D3-BF4B-00C04F79EFBC}") = "DrawingTriangleWithElipse", "DrawingTriangleWithElipse\DrawingTriangleWithElipse.csproj", "{D140A84F-2629-4402-8A9B-26F0D5A026CB}"
EndProject
Global
	GlobalSection(SolutionConfigurationPlatforms) = preSolution
		Debug|Any CPU = Debug|Any CPU
		Release|Any CPU = Release|Any CPU
	EndGlobalSection
	GlobalSection(ProjectConfigurationPlatforms) = postSolution
		{D140A84F-2629-4402-8A9B-26F0D5A026CB}.Debug|Any CPU.ActiveCfg = Debug|Any CPU
		{D140A84F-2629-4402-8A9B-26F0D5A026CB}.Debug|Any CPU.Build.0 = Debug|Any CPU
		{D140A84F-2629-4402-8A9B-26F0D5A026CB}.Release|Any CPU.ActiveCfg = Release|Any CPU
		{D140A84F-2629-4402-8A9B-26F0D5A026CB}.Release|Any CPU.Build.0 = Release|Any CPU
	EndGlobalSection
	GlobalSection(SolutionProperties) = preSolution
		HideSolutionNode = FALSE
	EndGlobalSection
	GlobalSection(ExtensibilityGlobals) = postSolution
		SolutionGuid = {35504AB7-474D-4A2E-8B38-53239FA2B104}
	EndGlobalSection
EndGlobal
